<Solution>
  <Folder Name="/src/">
    <Project Path="src/Inventario.API/Inventario.API.csproj" />
    <Project Path="src/Inventario.Application/Inventario.Application.csproj" />
    <Project Path="src/Inventario.Domain/Inventario.Domain.csproj" />
    <Project Path="src/Inventario.Infrastructure/Inventario.Infrastructure.csproj" />
  </Folder>
</Solution>
